
Microsoft Visual Studio Solution File, Format Version 12.00
# Visual Studio Version 16
VisualStudioVersion = 16.0.30804.86
MinimumVisualStudioVersion = 10.0.40219.1
Project("{FAE04EC0-301F-11D3-BF4B-00C04F79EFBC}") = "Demo.DesignPatterns.Factory", "Demo.DesignPatterns.Factory.csproj", "{0421B0E8-E089-40B0-B68E-3BFEDF2EED92}"
EndProject
Global
	GlobalSection(SolutionConfigurationPlatforms) = preSolution
		Debug|Any CPU = Debug|Any CPU
		Release|Any CPU = Release|Any CPU
	EndGlobalSection
	GlobalSection(ProjectConfigurationPlatforms) = postSolution
		{0421B0E8-E089-40B0-B68E-3BFEDF2EED92}.Debug|Any CPU.ActiveCfg = Debug|Any CPU
		{0421B0E8-E089-40B0-B68E-3BFEDF2EED92}.Debug|Any CPU.Build.0 = Debug|Any CPU
		{0421B0E8-E089-40B0-B68E-3BFEDF2EED92}.Release|Any CPU.ActiveCfg = Release|Any CPU
		{0421B0E8-E089-40B0-B68E-3BFEDF2EED92}.Release|Any CPU.Build.0 = Release|Any CPU
	EndGlobalSection
	GlobalSection(SolutionProperties) = preSolution
		HideSolutionNode = FALSE
	EndGlobalSection
	GlobalSection(ExtensibilityGlobals) = postSolution
		SolutionGuid = {E1934C28-C135-4EA8-A1AD-6CC530D75331}
	EndGlobalSection
EndGlobal
